// !$*UTF8*$!
{
	archiveVersion = 1;
	classes = {
	};
	objectVersion = 56;
	objects = {

/* Begin PBXBuildFile section */
		0DD42C452B198E2200333DC7 /* AppDelegate.swift in Sources */ = {isa = PBXBuildFile; fileRef = 0DD42C442B198E2200333DC7 /* AppDelegate.swift */; };
		0DD42C472B198E2200333DC7 /* SceneDelegate.swift in Sources */ = {isa = PBXBuildFile; fileRef = 0DD42C462B198E2200333DC7 /* SceneDelegate.swift */; };
		0DD42C492B198E2200333DC7 /* ViewController.swift in Sources */ = {isa = PBXBuildFile; fileRef = 0DD42C482B198E2200333DC7 /* ViewController.swift */; };
		0DD42C4E2B198E2300333DC7 /* Assets.xcassets in Resources */ = {isa = PBXBuildFile; fileRef = 0DD42C4D2B198E2300333DC7 /* Assets.xcassets */; };
		0DD42C5E2B19908D00333DC7 /* Endpoints.swift in Sources */ = {isa = PBXBuildFile; fileRef = 0DD42C5D2B19908D00333DC7 /* Endpoints.swift */; };
		0DD42C632B19919B00333DC7 /* HomeTabBarUITabBarController.swift in Sources */ = {isa = PBXBuildFile; fileRef = 0DD42C622B19919B00333DC7 /* HomeTabBarUITabBarController.swift */; };
		0DD42C652B1BA9D700333DC7 /* GetAllCharactersResponse.swift in Sources */ = {isa = PBXBuildFile; fileRef = 0DD42C642B1BA9D700333DC7 /* GetAllCharactersResponse.swift */; };
		0DD42C672B1BAA2400333DC7 /* Character.swift in Sources */ = {isa = PBXBuildFile; fileRef = 0DD42C662B1BAA2400333DC7 /* Character.swift */; };
		0DD42C692B1BACEC00333DC7 /* CharacterStatus.swift in Sources */ = {isa = PBXBuildFile; fileRef = 0DD42C682B1BACEC00333DC7 /* CharacterStatus.swift */; };
		0DD42C6B2B1BADF900333DC7 /* Episode.swift in Sources */ = {isa = PBXBuildFile; fileRef = 0DD42C6A2B1BADF900333DC7 /* Episode.swift */; };
		0DD42C6D2B1BAE6900333DC7 /* CharacterGender.swift in Sources */ = {isa = PBXBuildFile; fileRef = 0DD42C6C2B1BAE6900333DC7 /* CharacterGender.swift */; };
		0DD42C6F2B1BAE9F00333DC7 /* Location.swift in Sources */ = {isa = PBXBuildFile; fileRef = 0DD42C6E2B1BAE9F00333DC7 /* Location.swift */; };
		0DD42C712B1BAF9800333DC7 /* Origin.swift in Sources */ = {isa = PBXBuildFile; fileRef = 0DD42C702B1BAF9800333DC7 /* Origin.swift */; };
		0DD42C732B1BAFBC00333DC7 /* SingleLocation.swift in Sources */ = {isa = PBXBuildFile; fileRef = 0DD42C722B1BAFBC00333DC7 /* SingleLocation.swift */; };
		0DD42C752B1BBCE500333DC7 /* GetAllEpisodesResponse.swift in Sources */ = {isa = PBXBuildFile; fileRef = 0DD42C742B1BBCE500333DC7 /* GetAllEpisodesResponse.swift */; };
		0DD42C772B1BBD6E00333DC7 /* GetLocationResponse.swift in Sources */ = {isa = PBXBuildFile; fileRef = 0DD42C762B1BBD6E00333DC7 /* GetLocationResponse.swift */; };
		0DD42C792B1BBDAD00333DC7 /* Info.swift in Sources */ = {isa = PBXBuildFile; fileRef = 0DD42C782B1BBDAD00333DC7 /* Info.swift */; };
		0DD42C7C2B1BBEE300333DC7 /* Extensions.swift in Sources */ = {isa = PBXBuildFile; fileRef = 0DD42C7B2B1BBEE300333DC7 /* Extensions.swift */; };
		0DD42C7E2B1BBFC700333DC7 /* EpisodeViewController.swift in Sources */ = {isa = PBXBuildFile; fileRef = 0DD42C7D2B1BBFC700333DC7 /* EpisodeViewController.swift */; };
		0DD42C812B1BCA9F00333DC7 /* EpisodeListView.swift in Sources */ = {isa = PBXBuildFile; fileRef = 0DD42C802B1BCA9F00333DC7 /* EpisodeListView.swift */; };
		0DD42C832B1BF32500333DC7 /* EpisodeListViewViewModel.swift in Sources */ = {isa = PBXBuildFile; fileRef = 0DD42C822B1BF32500333DC7 /* EpisodeListViewViewModel.swift */; };
		0DD42C862B1BF5C100333DC7 /* CharacterCollectionViewCell.swift in Sources */ = {isa = PBXBuildFile; fileRef = 0DD42C852B1BF5C100333DC7 /* CharacterCollectionViewCell.swift */; };
		0DD42C892B1BF86200333DC7 /* CharacterEpisodeCollectionViewCell.swift in Sources */ = {isa = PBXBuildFile; fileRef = 0DD42C882B1BF86200333DC7 /* CharacterEpisodeCollectionViewCell.swift */; };
		0DD42C8B2B1D049E00333DC7 /* FooterLoadingCollectionReusableView.swift in Sources */ = {isa = PBXBuildFile; fileRef = 0DD42C8A2B1D049E00333DC7 /* FooterLoadingCollectionReusableView.swift */; };
		0DD42C8D2B1D072D00333DC7 /* CharacterListViewViewModel.swift in Sources */ = {isa = PBXBuildFile; fileRef = 0DD42C8C2B1D072D00333DC7 /* CharacterListViewViewModel.swift */; };
		0DD42C8F2B1D151300333DC7 /* CharacterCollectionViewCellViewModel.swift in Sources */ = {isa = PBXBuildFile; fileRef = 0DD42C8E2B1D151300333DC7 /* CharacterCollectionViewCellViewModel.swift */; };
		0DD42C912B216E8300333DC7 /* Request.swift in Sources */ = {isa = PBXBuildFile; fileRef = 0DD42C902B216E8300333DC7 /* Request.swift */; };
		0DD42C932B2288C500333DC7 /* Service.swift in Sources */ = {isa = PBXBuildFile; fileRef = 0DD42C922B2288C500333DC7 /* Service.swift */; };
		0DD42C962B228FA100333DC7 /* APICacheManager.swift in Sources */ = {isa = PBXBuildFile; fileRef = 0DD42C952B228FA100333DC7 /* APICacheManager.swift */; };
		0DD42C982B22B16100333DC7 /* CharacterEpisodeCollectionViewCellViewModel.swift in Sources */ = {isa = PBXBuildFile; fileRef = 0DD42C972B22B16100333DC7 /* CharacterEpisodeCollectionViewCellViewModel.swift */; };
/* End PBXBuildFile section */

/* Begin PBXFileReference section */
		0DD42C412B198E2200333DC7 /* rick-and-morty.app */ = {isa = PBXFileReference; explicitFileType = wrapper.application; includeInIndex = 0; path = "rick-and-morty.app"; sourceTree = BUILT_PRODUCTS_DIR; };
		0DD42C442B198E2200333DC7 /* AppDelegate.swift */ = {isa = PBXFileReference; lastKnownFileType = sourcecode.swift; path = AppDelegate.swift; sourceTree = "<group>"; };
		0DD42C462B198E2200333DC7 /* SceneDelegate.swift */ = {isa = PBXFileReference; lastKnownFileType = sourcecode.swift; path = SceneDelegate.swift; sourceTree = "<group>"; };
		0DD42C482B198E2200333DC7 /* ViewController.swift */ = {isa = PBXFileReference; lastKnownFileType = sourcecode.swift; path = ViewController.swift; sourceTree = "<group>"; };
		0DD42C4D2B198E2300333DC7 /* Assets.xcassets */ = {isa = PBXFileReference; lastKnownFileType = folder.assetcatalog; path = Assets.xcassets; sourceTree = "<group>"; };
		0DD42C522B198E2300333DC7 /* Info.plist */ = {isa = PBXFileReference; lastKnownFileType = text.plist.xml; path = Info.plist; sourceTree = "<group>"; };
		0DD42C5D2B19908D00333DC7 /* Endpoints.swift */ = {isa = PBXFileReference; lastKnownFileType = sourcecode.swift; path = Endpoints.swift; sourceTree = "<group>"; };
		0DD42C622B19919B00333DC7 /* HomeTabBarUITabBarController.swift */ = {isa = PBXFileReference; lastKnownFileType = sourcecode.swift; path = HomeTabBarUITabBarController.swift; sourceTree = "<group>"; };
		0DD42C642B1BA9D700333DC7 /* GetAllCharactersResponse.swift */ = {isa = PBXFileReference; lastKnownFileType = sourcecode.swift; path = GetAllCharactersResponse.swift; sourceTree = "<group>"; };
		0DD42C662B1BAA2400333DC7 /* Character.swift */ = {isa = PBXFileReference; lastKnownFileType = sourcecode.swift; path = Character.swift; sourceTree = "<group>"; };
		0DD42C682B1BACEC00333DC7 /* CharacterStatus.swift */ = {isa = PBXFileReference; lastKnownFileType = sourcecode.swift; path = CharacterStatus.swift; sourceTree = "<group>"; };
		0DD42C6A2B1BADF900333DC7 /* Episode.swift */ = {isa = PBXFileReference; lastKnownFileType = sourcecode.swift; path = Episode.swift; sourceTree = "<group>"; };
		0DD42C6C2B1BAE6900333DC7 /* CharacterGender.swift */ = {isa = PBXFileReference; lastKnownFileType = sourcecode.swift; path = CharacterGender.swift; sourceTree = "<group>"; };
		0DD42C6E2B1BAE9F00333DC7 /* Location.swift */ = {isa = PBXFileReference; lastKnownFileType = sourcecode.swift; path = Location.swift; sourceTree = "<group>"; };
		0DD42C702B1BAF9800333DC7 /* Origin.swift */ = {isa = PBXFileReference; lastKnownFileType = sourcecode.swift; path = Origin.swift; sourceTree = "<group>"; };
		0DD42C722B1BAFBC00333DC7 /* SingleLocation.swift */ = {isa = PBXFileReference; lastKnownFileType = sourcecode.swift; path = SingleLocation.swift; sourceTree = "<group>"; };
		0DD42C742B1BBCE500333DC7 /* GetAllEpisodesResponse.swift */ = {isa = PBXFileReference; lastKnownFileType = sourcecode.swift; path = GetAllEpisodesResponse.swift; sourceTree = "<group>"; };
		0DD42C762B1BBD6E00333DC7 /* GetLocationResponse.swift */ = {isa = PBXFileReference; lastKnownFileType = sourcecode.swift; path = GetLocationResponse.swift; sourceTree = "<group>"; };
		0DD42C782B1BBDAD00333DC7 /* Info.swift */ = {isa = PBXFileReference; lastKnownFileType = sourcecode.swift; path = Info.swift; sourceTree = "<group>"; };
		0DD42C7B2B1BBEE300333DC7 /* Extensions.swift */ = {isa = PBXFileReference; lastKnownFileType = sourcecode.swift; path = Extensions.swift; sourceTree = "<group>"; };
		0DD42C7D2B1BBFC700333DC7 /* EpisodeViewController.swift */ = {isa = PBXFileReference; lastKnownFileType = sourcecode.swift; path = EpisodeViewController.swift; sourceTree = "<group>"; };
		0DD42C802B1BCA9F00333DC7 /* EpisodeListView.swift */ = {isa = PBXFileReference; lastKnownFileType = sourcecode.swift; path = EpisodeListView.swift; sourceTree = "<group>"; };
		0DD42C822B1BF32500333DC7 /* EpisodeListViewViewModel.swift */ = {isa = PBXFileReference; lastKnownFileType = sourcecode.swift; path = EpisodeListViewViewModel.swift; sourceTree = "<group>"; };
		0DD42C852B1BF5C100333DC7 /* CharacterCollectionViewCell.swift */ = {isa = PBXFileReference; lastKnownFileType = sourcecode.swift; path = CharacterCollectionViewCell.swift; sourceTree = "<group>"; };
		0DD42C882B1BF86200333DC7 /* CharacterEpisodeCollectionViewCell.swift */ = {isa = PBXFileReference; lastKnownFileType = sourcecode.swift; path = CharacterEpisodeCollectionViewCell.swift; sourceTree = "<group>"; };
		0DD42C8A2B1D049E00333DC7 /* FooterLoadingCollectionReusableView.swift */ = {isa = PBXFileReference; lastKnownFileType = sourcecode.swift; path = FooterLoadingCollectionReusableView.swift; sourceTree = "<group>"; };
		0DD42C8C2B1D072D00333DC7 /* CharacterListViewViewModel.swift */ = {isa = PBXFileReference; lastKnownFileType = sourcecode.swift; path = CharacterListViewViewModel.swift; sourceTree = "<group>"; };
		0DD42C8E2B1D151300333DC7 /* CharacterCollectionViewCellViewModel.swift */ = {isa = PBXFileReference; lastKnownFileType = sourcecode.swift; path = CharacterCollectionViewCellViewModel.swift; sourceTree = "<group>"; };
		0DD42C902B216E8300333DC7 /* Request.swift */ = {isa = PBXFileReference; lastKnownFileType = sourcecode.swift; path = Request.swift; sourceTree = "<group>"; };
		0DD42C922B2288C500333DC7 /* Service.swift */ = {isa = PBXFileReference; lastKnownFileType = sourcecode.swift; path = Service.swift; sourceTree = "<group>"; };
		0DD42C952B228FA100333DC7 /* APICacheManager.swift */ = {isa = PBXFileReference; lastKnownFileType = sourcecode.swift; path = APICacheManager.swift; sourceTree = "<group>"; };
		0DD42C972B22B16100333DC7 /* CharacterEpisodeCollectionViewCellViewModel.swift */ = {isa = PBXFileReference; lastKnownFileType = sourcecode.swift; path = CharacterEpisodeCollectionViewCellViewModel.swift; sourceTree = "<group>"; };
/* End PBXFileReference section */

/* Begin PBXFrameworksBuildPhase section */
		0DD42C3E2B198E2200333DC7 /* Frameworks */ = {
			isa = PBXFrameworksBuildPhase;
			buildActionMask = 2147483647;
			files = (
			);
			runOnlyForDeploymentPostprocessing = 0;
		};
/* End PBXFrameworksBuildPhase section */

/* Begin PBXGroup section */
		0DD42C382B198E2200333DC7 = {
			isa = PBXGroup;
			children = (
				0DD42C432B198E2200333DC7 /* rick-and-morty */,
				0DD42C422B198E2200333DC7 /* Products */,
			);
			sourceTree = "<group>";
		};
		0DD42C422B198E2200333DC7 /* Products */ = {
			isa = PBXGroup;
			children = (
				0DD42C412B198E2200333DC7 /* rick-and-morty.app */,
			);
			name = Products;
			sourceTree = "<group>";
		};
		0DD42C432B198E2200333DC7 /* rick-and-morty */ = {
			isa = PBXGroup;
			children = (
				0DD42C522B198E2300333DC7 /* Info.plist */,
				0DD42C942B228F9300333DC7 /* Managers */,
				0DD42C7A2B1BBECF00333DC7 /* Resources */,
				0DD42C5C2B19906E00333DC7 /* Views */,
				0DD42C5B2B19906900333DC7 /* ViewModels */,
				0DD42C5A2B19906300333DC7 /* Models */,
				0DD42C592B19905500333DC7 /* Controllers */,
				0DD42C582B19903700333DC7 /* APIClient */,
				0DD42C482B198E2200333DC7 /* ViewController.swift */,
			);
			path = "rick-and-morty";
			sourceTree = "<group>";
		};
		0DD42C582B19903700333DC7 /* APIClient */ = {
			isa = PBXGroup;
			children = (
				0DD42C5D2B19908D00333DC7 /* Endpoints.swift */,
				0DD42C902B216E8300333DC7 /* Request.swift */,
				0DD42C922B2288C500333DC7 /* Service.swift */,
			);
			path = APIClient;
			sourceTree = "<group>";
		};
		0DD42C592B19905500333DC7 /* Controllers */ = {
			isa = PBXGroup;
			children = (
				0DD42C612B19917900333DC7 /* Core */,
			);
			path = Controllers;
			sourceTree = "<group>";
		};
		0DD42C5A2B19906300333DC7 /* Models */ = {
			isa = PBXGroup;
			children = (
				0DD42C602B19913D00333DC7 /* DataTypes */,
				0DD42C5F2B19912D00333DC7 /* APIResponseTypes */,
			);
			path = Models;
			sourceTree = "<group>";
		};
		0DD42C5B2B19906900333DC7 /* ViewModels */ = {
			isa = PBXGroup;
			children = (
				0DD42C822B1BF32500333DC7 /* EpisodeListViewViewModel.swift */,
				0DD42C8C2B1D072D00333DC7 /* CharacterListViewViewModel.swift */,
				0DD42C8E2B1D151300333DC7 /* CharacterCollectionViewCellViewModel.swift */,
				0DD42C972B22B16100333DC7 /* CharacterEpisodeCollectionViewCellViewModel.swift */,
			);
			path = ViewModels;
			sourceTree = "<group>";
		};
		0DD42C5C2B19906E00333DC7 /* Views */ = {
			isa = PBXGroup;
			children = (
				0DD42C872B1BF85500333DC7 /* CharacterDetails */,
				0DD42C842B1BF5B400333DC7 /* Character */,
				0DD42C7F2B1BCA9000333DC7 /* Episode */,
				0DD42C8A2B1D049E00333DC7 /* FooterLoadingCollectionReusableView.swift */,
			);
			path = Views;
			sourceTree = "<group>";
		};
		0DD42C5F2B19912D00333DC7 /* APIResponseTypes */ = {
			isa = PBXGroup;
			children = (
				0DD42C642B1BA9D700333DC7 /* GetAllCharactersResponse.swift */,
				0DD42C742B1BBCE500333DC7 /* GetAllEpisodesResponse.swift */,
				0DD42C762B1BBD6E00333DC7 /* GetLocationResponse.swift */,
			);
			path = APIResponseTypes;
			sourceTree = "<group>";
		};
		0DD42C602B19913D00333DC7 /* DataTypes */ = {
			isa = PBXGroup;
			children = (
				0DD42C662B1BAA2400333DC7 /* Character.swift */,
				0DD42C682B1BACEC00333DC7 /* CharacterStatus.swift */,
				0DD42C6A2B1BADF900333DC7 /* Episode.swift */,
				0DD42C6C2B1BAE6900333DC7 /* CharacterGender.swift */,
				0DD42C6E2B1BAE9F00333DC7 /* Location.swift */,
				0DD42C702B1BAF9800333DC7 /* Origin.swift */,
				0DD42C722B1BAFBC00333DC7 /* SingleLocation.swift */,
				0DD42C782B1BBDAD00333DC7 /* Info.swift */,
			);
			path = DataTypes;
			sourceTree = "<group>";
		};
		0DD42C612B19917900333DC7 /* Core */ = {
			isa = PBXGroup;
			children = (
				0DD42C622B19919B00333DC7 /* HomeTabBarUITabBarController.swift */,
				0DD42C7D2B1BBFC700333DC7 /* EpisodeViewController.swift */,
			);
			path = Core;
			sourceTree = "<group>";
		};
		0DD42C7A2B1BBECF00333DC7 /* Resources */ = {
			isa = PBXGroup;
			children = (
				0DD42C4D2B198E2300333DC7 /* Assets.xcassets */,
				0DD42C442B198E2200333DC7 /* AppDelegate.swift */,
				0DD42C462B198E2200333DC7 /* SceneDelegate.swift */,
				0DD42C7B2B1BBEE300333DC7 /* Extensions.swift */,
			);
			path = Resources;
			sourceTree = "<group>";
		};
		0DD42C7F2B1BCA9000333DC7 /* Episode */ = {
			isa = PBXGroup;
			children = (
				0DD42C802B1BCA9F00333DC7 /* EpisodeListView.swift */,
			);
			path = Episode;
			sourceTree = "<group>";
		};
		0DD42C842B1BF5B400333DC7 /* Character */ = {
			isa = PBXGroup;
			children = (
				0DD42C852B1BF5C100333DC7 /* CharacterCollectionViewCell.swift */,
			);
			path = Character;
			sourceTree = "<group>";
		};
		0DD42C872B1BF85500333DC7 /* CharacterDetails */ = {
			isa = PBXGroup;
			children = (
				0DD42C882B1BF86200333DC7 /* CharacterEpisodeCollectionViewCell.swift */,
			);
			path = CharacterDetails;
			sourceTree = "<group>";
		};
		0DD42C942B228F9300333DC7 /* Managers */ = {
			isa = PBXGroup;
			children = (
				0DD42C952B228FA100333DC7 /* APICacheManager.swift */,
			);
			path = Managers;
			sourceTree = "<group>";
		};
/* End PBXGroup section */

/* Begin PBXNativeTarget section */
		0DD42C402B198E2200333DC7 /* rick-and-morty */ = {
			isa = PBXNativeTarget;
			buildConfigurationList = 0DD42C552B198E2300333DC7 /* Build configuration list for PBXNativeTarget "rick-and-morty" */;
			buildPhases = (
				0DD42C3D2B198E2200333DC7 /* Sources */,
				0DD42C3E2B198E2200333DC7 /* Frameworks */,
				0DD42C3F2B198E2200333DC7 /* Resources */,
			);
			buildRules = (
			);
			dependencies = (
			);
			name = "rick-and-morty";
			productName = "rick-and-morty";
			productReference = 0DD42C412B198E2200333DC7 /* rick-and-morty.app */;
			productType = "com.apple.product-type.application";
		};
/* End PBXNativeTarget section */

/* Begin PBXProject section */
		0DD42C392B198E2200333DC7 /* Project object */ = {
			isa = PBXProject;
			attributes = {
				BuildIndependentTargetsInParallel = 1;
				LastSwiftUpdateCheck = 1420;
				LastUpgradeCheck = 1420;
				TargetAttributes = {
					0DD42C402B198E2200333DC7 = {
						CreatedOnToolsVersion = 14.2;
					};
				};
			};
			buildConfigurationList = 0DD42C3C2B198E2200333DC7 /* Build configuration list for PBXProject "rick-and-morty" */;
			compatibilityVersion = "Xcode 14.0";
			developmentRegion = en;
			hasScannedForEncodings = 0;
			knownRegions = (
				en,
				Base,
			);
			mainGroup = 0DD42C382B198E2200333DC7;
			productRefGroup = 0DD42C422B198E2200333DC7 /* Products */;
			projectDirPath = "";
			projectRoot = "";
			targets = (
				0DD42C402B198E2200333DC7 /* rick-and-morty */,
			);
		};
/* End PBXProject section */

/* Begin PBXResourcesBuildPhase section */
		0DD42C3F2B198E2200333DC7 /* Resources */ = {
			isa = PBXResourcesBuildPhase;
			buildActionMask = 2147483647;
			files = (
				0DD42C4E2B198E2300333DC7 /* Assets.xcassets in Resources */,
			);
			runOnlyForDeploymentPostprocessing = 0;
		};
/* End PBXResourcesBuildPhase section */

/* Begin PBXSourcesBuildPhase section */
		0DD42C3D2B198E2200333DC7 /* Sources */ = {
			isa = PBXSourcesBuildPhase;
			buildActionMask = 2147483647;
			files = (
				0DD42C492B198E2200333DC7 /* ViewController.swift in Sources */,
				0DD42C912B216E8300333DC7 /* Request.swift in Sources */,
				0DD42C792B1BBDAD00333DC7 /* Info.swift in Sources */,
				0DD42C772B1BBD6E00333DC7 /* GetLocationResponse.swift in Sources */,
				0DD42C8B2B1D049E00333DC7 /* FooterLoadingCollectionReusableView.swift in Sources */,
				0DD42C932B2288C500333DC7 /* Service.swift in Sources */,
				0DD42C6F2B1BAE9F00333DC7 /* Location.swift in Sources */,
				0DD42C692B1BACEC00333DC7 /* CharacterStatus.swift in Sources */,
				0DD42C452B198E2200333DC7 /* AppDelegate.swift in Sources */,
				0DD42C862B1BF5C100333DC7 /* CharacterCollectionViewCell.swift in Sources */,
				0DD42C672B1BAA2400333DC7 /* Character.swift in Sources */,
				0DD42C892B1BF86200333DC7 /* CharacterEpisodeCollectionViewCell.swift in Sources */,
				0DD42C5E2B19908D00333DC7 /* Endpoints.swift in Sources */,
				0DD42C8F2B1D151300333DC7 /* CharacterCollectionViewCellViewModel.swift in Sources */,
				0DD42C472B198E2200333DC7 /* SceneDelegate.swift in Sources */,
				0DD42C632B19919B00333DC7 /* HomeTabBarUITabBarController.swift in Sources */,
				0DD42C982B22B16100333DC7 /* CharacterEpisodeCollectionViewCellViewModel.swift in Sources */,
				0DD42C7E2B1BBFC700333DC7 /* EpisodeViewController.swift in Sources */,
				0DD42C962B228FA100333DC7 /* APICacheManager.swift in Sources */,
				0DD42C8D2B1D072D00333DC7 /* CharacterListViewViewModel.swift in Sources */,
				0DD42C812B1BCA9F00333DC7 /* EpisodeListView.swift in Sources */,
				0DD42C6B2B1BADF900333DC7 /* Episode.swift in Sources */,
				0DD42C752B1BBCE500333DC7 /* GetAllEpisodesResponse.swift in Sources */,
				0DD42C6D2B1BAE6900333DC7 /* CharacterGender.swift in Sources */,
				0DD42C652B1BA9D700333DC7 /* GetAllCharactersResponse.swift in Sources */,
				0DD42C7C2B1BBEE300333DC7 /* Extensions.swift in Sources */,
				0DD42C832B1BF32500333DC7 /* EpisodeListViewViewModel.swift in Sources */,
				0DD42C712B1BAF9800333DC7 /* Origin.swift in Sources */,
				0DD42C732B1BAFBC00333DC7 /* SingleLocation.swift in Sources */,
			);
			runOnlyForDeploymentPostprocessing = 0;
		};
/* End PBXSourcesBuildPhase section */

/* Begin XCBuildConfiguration section */
		0DD42C532B198E2300333DC7 /* Debug */ = {
			isa = XCBuildConfiguration;
			buildSettings = {
				ALWAYS_SEARCH_USER_PATHS = NO;
				CLANG_ANALYZER_NONNULL = YES;
				CLANG_ANALYZER_NUMBER_OBJECT_CONVERSION = YES_AGGRESSIVE;
				CLANG_CXX_LANGUAGE_STANDARD = "gnu++20";
				CLANG_ENABLE_MODULES = YES;
				CLANG_ENABLE_OBJC_ARC = YES;
				CLANG_ENABLE_OBJC_WEAK = YES;
				CLANG_WARN_BLOCK_CAPTURE_AUTORELEASING = YES;
				CLANG_WARN_BOOL_CONVERSION = YES;
				CLANG_WARN_COMMA = YES;
				CLANG_WARN_CONSTANT_CONVERSION = YES;
				CLANG_WARN_DEPRECATED_OBJC_IMPLEMENTATIONS = YES;
				CLANG_WARN_DIRECT_OBJC_ISA_USAGE = YES_ERROR;
				CLANG_WARN_DOCUMENTATION_COMMENTS = YES;
				CLANG_WARN_EMPTY_BODY = YES;
				CLANG_WARN_ENUM_CONVERSION = YES;
				CLANG_WARN_INFINITE_RECURSION = YES;
				CLANG_WARN_INT_CONVERSION = YES;
				CLANG_WARN_NON_LITERAL_NULL_CONVERSION = YES;
				CLANG_WARN_OBJC_IMPLICIT_RETAIN_SELF = YES;
				CLANG_WARN_OBJC_LITERAL_CONVERSION = YES;
				CLANG_WARN_OBJC_ROOT_CLASS = YES_ERROR;
				CLANG_WARN_QUOTED_INCLUDE_IN_FRAMEWORK_HEADER = YES;
				CLANG_WARN_RANGE_LOOP_ANALYSIS = YES;
				CLANG_WARN_STRICT_PROTOTYPES = YES;
				CLANG_WARN_SUSPICIOUS_MOVE = YES;
				CLANG_WARN_UNGUARDED_AVAILABILITY = YES_AGGRESSIVE;
				CLANG_WARN_UNREACHABLE_CODE = YES;
				CLANG_WARN__DUPLICATE_METHOD_MATCH = YES;
				COPY_PHASE_STRIP = NO;
				DEBUG_INFORMATION_FORMAT = dwarf;
				ENABLE_STRICT_OBJC_MSGSEND = YES;
				ENABLE_TESTABILITY = YES;
				GCC_C_LANGUAGE_STANDARD = gnu11;
				GCC_DYNAMIC_NO_PIC = NO;
				GCC_NO_COMMON_BLOCKS = YES;
				GCC_OPTIMIZATION_LEVEL = 0;
				GCC_PREPROCESSOR_DEFINITIONS = (
					"DEBUG=1",
					"$(inherited)",
				);
				GCC_WARN_64_TO_32_BIT_CONVERSION = YES;
				GCC_WARN_ABOUT_RETURN_TYPE = YES_ERROR;
				GCC_WARN_UNDECLARED_SELECTOR = YES;
				GCC_WARN_UNINITIALIZED_AUTOS = YES_AGGRESSIVE;
				GCC_WARN_UNUSED_FUNCTION = YES;
				GCC_WARN_UNUSED_VARIABLE = YES;
				IPHONEOS_DEPLOYMENT_TARGET = 16.2;
				MTL_ENABLE_DEBUG_INFO = INCLUDE_SOURCE;
				MTL_FAST_MATH = YES;
				ONLY_ACTIVE_ARCH = YES;
				SDKROOT = iphoneos;
				SWIFT_ACTIVE_COMPILATION_CONDITIONS = DEBUG;
				SWIFT_OPTIMIZATION_LEVEL = "-Onone";
			};
			name = Debug;
		};
		0DD42C542B198E2300333DC7 /* Release */ = {
			isa = XCBuildConfiguration;
			buildSettings = {
				ALWAYS_SEARCH_USER_PATHS = NO;
				CLANG_ANALYZER_NONNULL = YES;
				CLANG_ANALYZER_NUMBER_OBJECT_CONVERSION = YES_AGGRESSIVE;
				CLANG_CXX_LANGUAGE_STANDARD = "gnu++20";
				CLANG_ENABLE_MODULES = YES;
				CLANG_ENABLE_OBJC_ARC = YES;
				CLANG_ENABLE_OBJC_WEAK = YES;
				CLANG_WARN_BLOCK_CAPTURE_AUTORELEASING = YES;
				CLANG_WARN_BOOL_CONVERSION = YES;
				CLANG_WARN_COMMA = YES;
				CLANG_WARN_CONSTANT_CONVERSION = YES;
				CLANG_WARN_DEPRECATED_OBJC_IMPLEMENTATIONS = YES;
				CLANG_WARN_DIRECT_OBJC_ISA_USAGE = YES_ERROR;
				CLANG_WARN_DOCUMENTATION_COMMENTS = YES;
				CLANG_WARN_EMPTY_BODY = YES;
				CLANG_WARN_ENUM_CONVERSION = YES;
				CLANG_WARN_INFINITE_RECURSION = YES;
				CLANG_WARN_INT_CONVERSION = YES;
				CLANG_WARN_NON_LITERAL_NULL_CONVERSION = YES;
				CLANG_WARN_OBJC_IMPLICIT_RETAIN_SELF = YES;
				CLANG_WARN_OBJC_LITERAL_CONVERSION = YES;
				CLANG_WARN_OBJC_ROOT_CLASS = YES_ERROR;
				CLANG_WARN_QUOTED_INCLUDE_IN_FRAMEWORK_HEADER = YES;
				CLANG_WARN_RANGE_LOOP_ANALYSIS = YES;
				CLANG_WARN_STRICT_PROTOTYPES = YES;
				CLANG_WARN_SUSPICIOUS_MOVE = YES;
				CLANG_WARN_UNGUARDED_AVAILABILITY = YES_AGGRESSIVE;
				CLANG_WARN_UNREACHABLE_CODE = YES;
				CLANG_WARN__DUPLICATE_METHOD_MATCH = YES;
				COPY_PHASE_STRIP = NO;
				DEBUG_INFORMATION_FORMAT = "dwarf-with-dsym";
				ENABLE_NS_ASSERTIONS = NO;
				ENABLE_STRICT_OBJC_MSGSEND = YES;
				GCC_C_LANGUAGE_STANDARD = gnu11;
				GCC_NO_COMMON_BLOCKS = YES;
				GCC_WARN_64_TO_32_BIT_CONVERSION = YES;
				GCC_WARN_ABOUT_RETURN_TYPE = YES_ERROR;
				GCC_WARN_UNDECLARED_SELECTOR = YES;
				GCC_WARN_UNINITIALIZED_AUTOS = YES_AGGRESSIVE;
				GCC_WARN_UNUSED_FUNCTION = YES;
				GCC_WARN_UNUSED_VARIABLE = YES;
				IPHONEOS_DEPLOYMENT_TARGET = 16.2;
				MTL_ENABLE_DEBUG_INFO = NO;
				MTL_FAST_MATH = YES;
				SDKROOT = iphoneos;
				SWIFT_COMPILATION_MODE = wholemodule;
				SWIFT_OPTIMIZATION_LEVEL = "-O";
				VALIDATE_PRODUCT = YES;
			};
			name = Release;
		};
		0DD42C562B198E2300333DC7 /* Debug */ = {
			isa = XCBuildConfiguration;
			buildSettings = {
				ASSETCATALOG_COMPILER_APPICON_NAME = AppIcon;
				ASSETCATALOG_COMPILER_GLOBAL_ACCENT_COLOR_NAME = AccentColor;
				CODE_SIGN_STYLE = Automatic;
				CURRENT_PROJECT_VERSION = 1;
				DEVELOPMENT_TEAM = 7RY3ZH3AW2;
				GENERATE_INFOPLIST_FILE = YES;
				INFOPLIST_FILE = "rick-and-morty/Info.plist";
				INFOPLIST_KEY_UIApplicationSupportsIndirectInputEvents = YES;
				INFOPLIST_KEY_UILaunchStoryboardName = LaunchScreen;
				INFOPLIST_KEY_UISupportedInterfaceOrientations_iPad = "UIInterfaceOrientationPortrait UIInterfaceOrientationPortraitUpsideDown UIInterfaceOrientationLandscapeLeft UIInterfaceOrientationLandscapeRight";
				INFOPLIST_KEY_UISupportedInterfaceOrientations_iPhone = "UIInterfaceOrientationPortrait UIInterfaceOrientationLandscapeLeft UIInterfaceOrientationLandscapeRight";
				LD_RUNPATH_SEARCH_PATHS = (
					"$(inherited)",
					"@executable_path/Frameworks",
				);
				MARKETING_VERSION = 1.0;
				PRODUCT_BUNDLE_IDENTIFIER = "mmjck.rick-and-morty";
				PRODUCT_NAME = "$(TARGET_NAME)";
				SWIFT_EMIT_LOC_STRINGS = YES;
				SWIFT_VERSION = 5.0;
				TARGETED_DEVICE_FAMILY = "1,2";
			};
			name = Debug;
		};
		0DD42C572B198E2300333DC7 /* Release */ = {
			isa = XCBuildConfiguration;
			buildSettings = {
				ASSETCATALOG_COMPILER_APPICON_NAME = AppIcon;
				ASSETCATALOG_COMPILER_GLOBAL_ACCENT_COLOR_NAME = AccentColor;
				CODE_SIGN_STYLE = Automatic;
				CURRENT_PROJECT_VERSION = 1;
				DEVELOPMENT_TEAM = 7RY3ZH3AW2;
				GENERATE_INFOPLIST_FILE = YES;
				INFOPLIST_FILE = "rick-and-morty/Info.plist";
				INFOPLIST_KEY_UIApplicationSupportsIndirectInputEvents = YES;
				INFOPLIST_KEY_UILaunchStoryboardName = LaunchScreen;
				INFOPLIST_KEY_UISupportedInterfaceOrientations_iPad = "UIInterfaceOrientationPortrait UIInterfaceOrientationPortraitUpsideDown UIInterfaceOrientationLandscapeLeft UIInterfaceOrientationLandscapeRight";
				INFOPLIST_KEY_UISupportedInterfaceOrientations_iPhone = "UIInterfaceOrientationPortrait UIInterfaceOrientationLandscapeLeft UIInterfaceOrientationLandscapeRight";
				LD_RUNPATH_SEARCH_PATHS = (
					"$(inherited)",
					"@executable_path/Frameworks",
				);
				MARKETING_VERSION = 1.0;
				PRODUCT_BUNDLE_IDENTIFIER = "mmjck.rick-and-morty";
				PRODUCT_NAME = "$(TARGET_NAME)";
				SWIFT_EMIT_LOC_STRINGS = YES;
				SWIFT_VERSION = 5.0;
				TARGETED_DEVICE_FAMILY = "1,2";
			};
			name = Release;
		};
/* End XCBuildConfiguration section */

/* Begin XCConfigurationList section */
		0DD42C3C2B198E2200333DC7 /* Build configuration list for PBXProject "rick-and-morty" */ = {
			isa = XCConfigurationList;
			buildConfigurations = (
				0DD42C532B198E2300333DC7 /* Debug */,
				0DD42C542B198E2300333DC7 /* Release */,
			);
			defaultConfigurationIsVisible = 0;
			defaultConfigurationName = Release;
		};
		0DD42C552B198E2300333DC7 /* Build configuration list for PBXNativeTarget "rick-and-morty" */ = {
			isa = XCConfigurationList;
			buildConfigurations = (
				0DD42C562B198E2300333DC7 /* Debug */,
				0DD42C572B198E2300333DC7 /* Release */,
			);
			defaultConfigurationIsVisible = 0;
			defaultConfigurationName = Release;
		};
/* End XCConfigurationList section */
	};
	rootObject = 0DD42C392B198E2200333DC7 /* Project object */;
}
